<?xml version="1.0" encoding="utf-8"?>
<Project ToolsVersion="4.0" xmlns="http://schemas.microsoft.com/developer/msbuild/2003">
  <ItemGroup>
    <Filter Include="Исходные файлы">
      <UniqueIdentifier>{4FC737F1-C7A5-4376-A066-2A32D752A2FF}</UniqueIdentifier>
      <Extensions>cpp;c;cc;cxx;c++;cppm;ixx;def;odl;idl;hpj;bat;asm;asmx</Extensions>
    </Filter>
    <Filter Include="Файлы заголовков">
      <UniqueIdentifier>{93995380-89BD-4b04-88EB-625FBE52EBFB}</UniqueIdentifier>
      <Extensions>h;hh;hpp;hxx;h++;hm;inl;inc;ipp;xsd</Extensions>
    </Filter>
    <Filter Include="Файлы ресурсов">
      <UniqueIdentifier>{67DA6AB6-F800-4c08-8B7A-83BB121AAD01}</UniqueIdentifier>
      <Extensions>rc;ico;cur;bmp;dlg;rc2;rct;bin;rgs;gif;jpg;jpeg;jpe;resx;tiff;tif;png;wav;mfcribbon-ms</Extensions>
    </Filter>
    <Filter Include="Файлы заголовков\classes">
      <UniqueIdentifier>{33a159a7-ce29-4ea8-bcfd-ab33e362305e}</UniqueIdentifier>
    </Filter>
    <Filter Include="Файлы заголовков\enums">
      <UniqueIdentifier>{97d1f93b-9f7a-4b94-bd3a-32fe9d8eca24}</UniqueIdentifier>
    </Filter>
    <Filter Include="Файлы заголовков\include files">
      <UniqueIdentifier>{42e7211e-8912-43b0-b253-479f96c011e8}</UniqueIdentifier>
    </Filter>
  </ItemGroup>
  <ItemGroup>
    <ClCompile Include="TextLineClass.cpp">
      <Filter>Исходные файлы</Filter>
    </ClCompile>
    <ClCompile Include="AdditionalFuctions.cpp">
      <Filter>Исходные файлы</Filter>
    </ClCompile>
    <ClCompile Include="FileHandlerClass.cpp">
      <Filter>Исходные файлы</Filter>
    </ClCompile>
    <ClCompile Include="WizardClass.cpp">
      <Filter>Исходные файлы</Filter>
    </ClCompile>
  </ItemGroup>
  <ItemGroup>
    <ClInclude Include="AdditionalFuctions.h">
      <Filter>Файлы заголовков</Filter>
    </ClInclude>
    <ClInclude Include="CompiledFileStruct.h">
      <Filter>Файлы заголовков\classes</Filter>
    </ClInclude>
    <ClInclude Include="TextLineClass.h">
      <Filter>Файлы заголовков\classes</Filter>
    </ClInclude>
    <ClInclude Include="WizardClass.h">
      <Filter>Файлы заголовков\classes</Filter>
    </ClInclude>
    <ClInclude Include="TargetInitEnum.h">
      <Filter>Файлы заголовков\enums</Filter>
    </ClInclude>
    <ClInclude Include="FileHandlerClass.h">
      <Filter>Файлы заголовков\classes</Filter>
    </ClInclude>
    <ClInclude Include="McWizard.h">
      <Filter>Файлы заголовков\include files</Filter>
    </ClInclude>
    <ClInclude Include="FileHadler.h">
      <Filter>Файлы заголовков\include files</Filter>
    </ClInclude>
  </ItemGroup>
</Project>